{
  "name": "json-server",
  "version": "1.0.0",
  "lockfileVersion": 2,
  "requires": true,
  "packages": {
    "": {
      "name": "json-server",
      "version": "1.0.0",
      "license": "ISC",
      "dependencies": {
        "json-server": "file:"
      }
    },
    "node_modules/json-server": {
      "resolved": "",
      "link": true
    }
  },
  "dependencies": {
    "json-server": {
      "version": "file:",
      "requires": {
        "json-server": "file:"
      }
    }
  }
}
